
Microsoft Visual Studio Solution File, Format Version 12.00
# Visual Studio Version 17
VisualStudioVersion = 17.14.36429.23 d17.14
MinimumVisualStudioVersion = 10.0.40219.1
Project("{FAE04EC0-301F-11D3-BF4B-00C04F79EFBC}") = "lab_666", "lab_666.csproj", "{B7206304-4D21-42D0-B492-91C7575AF128}"
EndProject
Global
	GlobalSection(SolutionConfigurationPlatforms) = preSolution
		Debug|Any CPU = Debug|Any CPU
		Release|Any CPU = Release|Any CPU
	EndGlobalSection
	GlobalSection(ProjectConfigurationPlatforms) = postSolution
		{B7206304-4D21-42D0-B492-91C7575AF128}.Debug|Any CPU.ActiveCfg = Debug|Any CPU
		{B7206304-4D21-42D0-B492-91C7575AF128}.Debug|Any CPU.Build.0 = Debug|Any CPU
		{B7206304-4D21-42D0-B492-91C7575AF128}.Release|Any CPU.ActiveCfg = Release|Any CPU
		{B7206304-4D21-42D0-B492-91C7575AF128}.Release|Any CPU.Build.0 = Release|Any CPU
	EndGlobalSection
	GlobalSection(SolutionProperties) = preSolution
		HideSolutionNode = FALSE
	EndGlobalSection
	GlobalSection(ExtensibilityGlobals) = postSolution
		SolutionGuid = {AE9F1538-1659-4909-8EE7-9081FE5E831D}
	EndGlobalSection
EndGlobal
